
Microsoft Visual Studio Solution File, Format Version 12.00
Project("{FAE04EC0-301F-11D3-BF4B-00C04F79EFBC}") = "MantisNetCoreTask", "MantisNetCoreTask\MantisNetCoreTask.csproj", "{AA680D8D-08D0-40CF-9158-6A5859EA7414}"
EndProject
Global
	GlobalSection(SolutionConfigurationPlatforms) = preSolution
		Debug|Any CPU = Debug|Any CPU
		Release|Any CPU = Release|Any CPU
	EndGlobalSection
	GlobalSection(ProjectConfigurationPlatforms) = postSolution
		{AA680D8D-08D0-40CF-9158-6A5859EA7414}.Debug|Any CPU.ActiveCfg = Debug|Any CPU
		{AA680D8D-08D0-40CF-9158-6A5859EA7414}.Debug|Any CPU.Build.0 = Debug|Any CPU
		{AA680D8D-08D0-40CF-9158-6A5859EA7414}.Release|Any CPU.ActiveCfg = Release|Any CPU
		{AA680D8D-08D0-40CF-9158-6A5859EA7414}.Release|Any CPU.Build.0 = Release|Any CPU
	EndGlobalSection
EndGlobal
